
Microsoft Visual Studio Solution File, Format Version 12.00
# Visual Studio Version 17
VisualStudioVersion = 17.3.32819.101
MinimumVisualStudioVersion = 10.0.40219.1
Project("{FAE04EC0-301F-11D3-BF4B-00C04F79EFBC}") = "GenericRepository.Api", "GenericRepository\GenericRepository.Api.csproj", "{712C104C-1162-4056-803C-58EF092B4481}"
EndProject
Project("{FAE04EC0-301F-11D3-BF4B-00C04F79EFBC}") = "GenericRepository.Infraestructure", "GenericRepository.Infraestructure\GenericRepository.Infraestructure.csproj", "{3EE9DC29-5A5E-49C4-B15C-255CC60103C5}"
EndProject
Project("{FAE04EC0-301F-11D3-BF4B-00C04F79EFBC}") = "GenericRepository.Domain", "GenericRepository.Domain\GenericRepository.Domain.csproj", "{5AB90B24-6EC3-43C4-99ED-94E0A562CC81}"
EndProject
Project("{FAE04EC0-301F-11D3-BF4B-00C04F79EFBC}") = "GenericRepository.Application", "GenericRepository.Application\GenericRepository.Application.csproj", "{17AB6FF7-CDE0-412B-8574-86A5540B9880}"
EndProject
Global
	GlobalSection(SolutionConfigurationPlatforms) = preSolution
		Debug|Any CPU = Debug|Any CPU
		Release|Any CPU = Release|Any CPU
	EndGlobalSection
	GlobalSection(ProjectConfigurationPlatforms) = postSolution
		{712C104C-1162-4056-803C-58EF092B4481}.Debug|Any CPU.ActiveCfg = Debug|Any CPU
		{712C104C-1162-4056-803C-58EF092B4481}.Debug|Any CPU.Build.0 = Debug|Any CPU
		{712C104C-1162-4056-803C-58EF092B4481}.Release|Any CPU.ActiveCfg = Release|Any CPU
		{712C104C-1162-4056-803C-58EF092B4481}.Release|Any CPU.Build.0 = Release|Any CPU
		{3EE9DC29-5A5E-49C4-B15C-255CC60103C5}.Debug|Any CPU.ActiveCfg = Debug|Any CPU
		{3EE9DC29-5A5E-49C4-B15C-255CC60103C5}.Debug|Any CPU.Build.0 = Debug|Any CPU
		{3EE9DC29-5A5E-49C4-B15C-255CC60103C5}.Release|Any CPU.ActiveCfg = Release|Any CPU
		{3EE9DC29-5A5E-49C4-B15C-255CC60103C5}.Release|Any CPU.Build.0 = Release|Any CPU
		{5AB90B24-6EC3-43C4-99ED-94E0A562CC81}.Debug|Any CPU.ActiveCfg = Debug|Any CPU
		{5AB90B24-6EC3-43C4-99ED-94E0A562CC81}.Debug|Any CPU.Build.0 = Debug|Any CPU
		{5AB90B24-6EC3-43C4-99ED-94E0A562CC81}.Release|Any CPU.ActiveCfg = Release|Any CPU
		{5AB90B24-6EC3-43C4-99ED-94E0A562CC81}.Release|Any CPU.Build.0 = Release|Any CPU
		{17AB6FF7-CDE0-412B-8574-86A5540B9880}.Debug|Any CPU.ActiveCfg = Debug|Any CPU
		{17AB6FF7-CDE0-412B-8574-86A5540B9880}.Debug|Any CPU.Build.0 = Debug|Any CPU
		{17AB6FF7-CDE0-412B-8574-86A5540B9880}.Release|Any CPU.ActiveCfg = Release|Any CPU
		{17AB6FF7-CDE0-412B-8574-86A5540B9880}.Release|Any CPU.Build.0 = Release|Any CPU
	EndGlobalSection
	GlobalSection(SolutionProperties) = preSolution
		HideSolutionNode = FALSE
	EndGlobalSection
	GlobalSection(ExtensibilityGlobals) = postSolution
		SolutionGuid = {7ED42A52-8694-4219-87EA-7F90EBE4D032}
	EndGlobalSection
EndGlobal
